github.com/antlr/antlr4/runtime/Go/antlr v0.0.0-20210803070921-b358b509191a h1:6tPeghyQyDji+Q+jYDjpHNlLz/aexx/Cvk1ao92Nfbg=
github.com/antlr/antlr4/runtime/Go/antlr v0.0.0-20210803070921-b358b509191a/go.mod h1:F7bn7fEU90QkQ3tnmaTx3LTKLEDqnwWODIYppRQ5hnY=
github.com/cloudprivacylabs/lpg/v2 v2.0.0 h1:Hu9UOMhrq5LCXFAbUVxVLrkIRxqCxrUjZ/kKfKhWwu8=
github.com/cloudprivacylabs/lpg/v2 v2.0.0/go.mod h1:RydTt2iGaTjVWk+RHfrhd/NzuFfJOgQGu/wGzV1iACQ=
github.com/davecgh/go-spew v1.1.0 h1:ZDRjVQ15GmhC3fiQ8ni8+OwkZQO4DARzQgrnXU1Liz8=
github.com/davecgh/go-spew v1.1.0/go.mod h1:J7Y8YcW2NihsgmVo/mv3lAwl/skON4iLHjSsI+c5H38=
github.com/emirpasic/gods v1.18.1 h1:FXtiHYKDGKCW2KzwZKx0iC0PQmdlorYgdFG9jPXJ1Bc=
github.com/emirpasic/gods v1.18.1/go.mod h1:8tpGGwCnJ5H4r6BWwaV6OrWmMoPhUl5jm/FMNAnJvWQ=
github.com/nleeper/goment v1.4.4 h1:GlMTpxvhueljArSunzYjN9Ri4SOmpn0Vh2hg2z/IIl8=
github.com/nleeper/goment v1.4.4/go.mod h1:zDl5bAyDhqxwQKAvkSXMRLOdCowrdZz53ofRJc4VhTo=
github.com/pmezard/go-difflib v1.0.0 h1:4DBwDE0NGyQoBHbLQYPwSUPoCMWR5BEzIk/f1lZbAQM=
github.com/pmezard/go-difflib v1.0.0/go.mod h1:iKH77koFhYxTK1pcRnkKkqfTogsbg7gZNVY4sRDYZ/4=
github.com/stretchr/objx v0.1.0/go.mod h1:HFkY916IF+rwdDfMAkV7OtwuqBVzrE8GR6GFx+wExME=
github.com/stretchr/testify v1.6.1/go.mod h1:6Fq8oRcR53rry900zMqJjRRixrwX3KX962/h/Wwjteg=
github.com/stretchr/testify v1.7.0 h1:nwc3DEeHmmLAfoZucVR881uASk0Mfjw8xYJ99tb5CcY=
github.com/stretchr/testify v1.7.0/go.mod h1:6Fq8oRcR53rry900zMqJjRRixrwX3KX962/h/Wwjteg=
github.com/tkuchiki/go-timezone v0.2.0 h1:yyZVHtQRVZ+wvlte5HXvSpBkR0dPYnPEIgq9qqAqltk=
github.com/tkuchiki/go-timezone v0.2.0/go.mod h1:b1Ean9v2UXtxSq4TZF0i/TU9NuoWa9hOzOKoGCV2zqY=
gopkg.in/check.v1 v0.0.0-20161208181325-20d25e280405/go.mod h1:Co6ibVJAznAaIkqp8huTwlJQCZ016jof/cbN4VW5Yz0=
gopkg.in/yaml.v3 v3.0.0-20200313102051-9f266ea9e77c h1:dUUwHk2QECo/6vqA44rthZ8ie2QXMNeKRTHCNY2nXvo=
gopkg.in/yaml.v3 v3.0.0-20200313102051-9f266ea9e77c/go.mod h1:K4uyk7z7BCEPqu6E+C64Yfv1cQ7kz7rIZviUmN+EgEM=
